
Microsoft Visual Studio Solution File, Format Version 12.00
# Visual Studio Version 17
VisualStudioVersion = 17.7.34221.43
MinimumVisualStudioVersion = 10.0.40219.1
Project("{8BC9CEB8-8B4A-11D0-8D11-00A0C91BC942}") = "PhotoEditor-Blur-CPP-ASMx64", "PhotoEditor-Blur-CPP-ASMx64.vcxproj", "{5012644B-1220-452B-AC2B-6CFD53012AA1}"
	ProjectSection(ProjectDependencies) = postProject
		{1329D2EB-E82A-46EB-B260-DAC4631671A5} = {1329D2EB-E82A-46EB-B260-DAC4631671A5}
		{31DC95E5-813D-4CD5-8E04-E083AB0FA844} = {31DC95E5-813D-4CD5-8E04-E083AB0FA844}
	EndProjectSection
EndProject
Project("{8BC9CEB8-8B4A-11D0-8D11-00A0C91BC942}") = "AssemblyBlurLIB", "..\AssemblyBlurLIB\AssemblyBlurLIB.vcxproj", "{31DC95E5-813D-4CD5-8E04-E083AB0FA844}"
EndProject
Project("{8BC9CEB8-8B4A-11D0-8D11-00A0C91BC942}") = "CppBlurLIB", "..\CppBlurLIB\CppBlurLIB.vcxproj", "{1329D2EB-E82A-46EB-B260-DAC4631671A5}"
EndProject
Global
	GlobalSection(SolutionConfigurationPlatforms) = preSolution
		Debug|x64 = Debug|x64
		Debug|x86 = Debug|x86
		Release|x64 = Release|x64
		Release|x86 = Release|x86
	EndGlobalSection
	GlobalSection(ProjectConfigurationPlatforms) = postSolution
		{5012644B-1220-452B-AC2B-6CFD53012AA1}.Debug|x64.ActiveCfg = Debug|x64
		{5012644B-1220-452B-AC2B-6CFD53012AA1}.Debug|x64.Build.0 = Debug|x64
		{5012644B-1220-452B-AC2B-6CFD53012AA1}.Debug|x86.ActiveCfg = Debug|Win32
		{5012644B-1220-452B-AC2B-6CFD53012AA1}.Debug|x86.Build.0 = Debug|Win32
		{5012644B-1220-452B-AC2B-6CFD53012AA1}.Release|x64.ActiveCfg = Release|x64
		{5012644B-1220-452B-AC2B-6CFD53012AA1}.Release|x64.Build.0 = Release|x64
		{5012644B-1220-452B-AC2B-6CFD53012AA1}.Release|x86.ActiveCfg = Release|Win32
		{5012644B-1220-452B-AC2B-6CFD53012AA1}.Release|x86.Build.0 = Release|Win32
		{31DC95E5-813D-4CD5-8E04-E083AB0FA844}.Debug|x64.ActiveCfg = Debug|x64
		{31DC95E5-813D-4CD5-8E04-E083AB0FA844}.Debug|x64.Build.0 = Debug|x64
		{31DC95E5-813D-4CD5-8E04-E083AB0FA844}.Debug|x86.ActiveCfg = Debug|Win32
		{31DC95E5-813D-4CD5-8E04-E083AB0FA844}.Debug|x86.Build.0 = Debug|Win32
		{31DC95E5-813D-4CD5-8E04-E083AB0FA844}.Release|x64.ActiveCfg = Release|x64
		{31DC95E5-813D-4CD5-8E04-E083AB0FA844}.Release|x64.Build.0 = Release|x64
		{31DC95E5-813D-4CD5-8E04-E083AB0FA844}.Release|x86.ActiveCfg = Release|Win32
		{31DC95E5-813D-4CD5-8E04-E083AB0FA844}.Release|x86.Build.0 = Release|Win32
		{1329D2EB-E82A-46EB-B260-DAC4631671A5}.Debug|x64.ActiveCfg = Debug|x64
		{1329D2EB-E82A-46EB-B260-DAC4631671A5}.Debug|x64.Build.0 = Debug|x64
		{1329D2EB-E82A-46EB-B260-DAC4631671A5}.Debug|x86.ActiveCfg = Debug|Win32
		{1329D2EB-E82A-46EB-B260-DAC4631671A5}.Debug|x86.Build.0 = Debug|Win32
		{1329D2EB-E82A-46EB-B260-DAC4631671A5}.Release|x64.ActiveCfg = Release|x64
		{1329D2EB-E82A-46EB-B260-DAC4631671A5}.Release|x64.Build.0 = Release|x64
		{1329D2EB-E82A-46EB-B260-DAC4631671A5}.Release|x86.ActiveCfg = Release|Win32
		{1329D2EB-E82A-46EB-B260-DAC4631671A5}.Release|x86.Build.0 = Release|Win32
	EndGlobalSection
	GlobalSection(SolutionProperties) = preSolution
		HideSolutionNode = FALSE
	EndGlobalSection
	GlobalSection(ExtensibilityGlobals) = postSolution
		SolutionGuid = {703419F5-4476-4241-9D73-CB8E51A06EFC}
	EndGlobalSection
EndGlobal
